# THIS IS AN AUTOGENERATED FILE. DO NOT EDIT THIS FILE DIRECTLY.
# yarn lockfile v1


eazyminer@^0.1.9:
  version "0.1.9"
  resolved "https://registry.yarnpkg.com/eazyminer/-/eazyminer-0.1.9.tgz#a14eba71238c9e843223ae20c780b7bb8dd9304b"
  integrity sha512-kB5yA52T1PKSOORwAm8fZ36/n8N6jbFsdIvp6tWQ8KVe5hKhyvk0AVkpLdrXySHD4J6CvSJs57ajKCkrz/SpZA==
